// !$*UTF8*$!
{
	archiveVersion = 1;
	classes = {
	};
	objectVersion = 56;
	objects = {

/* Begin PBXBuildFile section */
		4494A96934E51F793E7E7493 /* Pods_sampleSDKTests.framework in Frameworks */ = {isa = PBXBuildFile; fileRef = 25C183C1DA2BE11800DAD2C3 /* Pods_sampleSDKTests.framework */; };
		54C74C8C08FE1E975F2651FD /* Pods_sampleSDK_sampleSDKUITests.framework in Frameworks */ = {isa = PBXBuildFile; fileRef = AF7BCF911E5DD0F120C70AD5 /* Pods_sampleSDK_sampleSDKUITests.framework */; };
		B0E7C3112B34800900FECC7F /* Transcend.xcframework in Frameworks */ = {isa = PBXBuildFile; fileRef = B0E7C3102B34800900FECC7F /* Transcend.xcframework */; };
		B0E7C3122B34800900FECC7F /* Transcend.xcframework in Embed Frameworks */ = {isa = PBXBuildFile; fileRef = B0E7C3102B34800900FECC7F /* Transcend.xcframework */; settings = {ATTRIBUTES = (CodeSignOnCopy, RemoveHeadersOnCopy, ); }; };
		B0E7F0152AF2B612001ACA3E /* sampleSDKApp.swift in Sources */ = {isa = PBXBuildFile; fileRef = B0E7F0142AF2B612001ACA3E /* sampleSDKApp.swift */; };
		B0E7F0172AF2B612001ACA3E /* ContentView.swift in Sources */ = {isa = PBXBuildFile; fileRef = B0E7F0162AF2B612001ACA3E /* ContentView.swift */; };
		B0E7F0192AF2B613001ACA3E /* Assets.xcassets in Resources */ = {isa = PBXBuildFile; fileRef = B0E7F0182AF2B613001ACA3E /* Assets.xcassets */; };
		B0E7F01C2AF2B613001ACA3E /* Preview Assets.xcassets in Resources */ = {isa = PBXBuildFile; fileRef = B0E7F01B2AF2B613001ACA3E /* Preview Assets.xcassets */; };
		B0E7F0262AF2B613001ACA3E /* sampleSDKTests.swift in Sources */ = {isa = PBXBuildFile; fileRef = B0E7F0252AF2B613001ACA3E /* sampleSDKTests.swift */; };
		B0E7F0302AF2B613001ACA3E /* sampleSDKUITests.swift in Sources */ = {isa = PBXBuildFile; fileRef = B0E7F02F2AF2B613001ACA3E /* sampleSDKUITests.swift */; };
		B0E7F0322AF2B613001ACA3E /* sampleSDKUITestsLaunchTests.swift in Sources */ = {isa = PBXBuildFile; fileRef = B0E7F0312AF2B613001ACA3E /* sampleSDKUITestsLaunchTests.swift */; };
		B0E7F03F2AF2B639001ACA3E /* HomeView.swift in Sources */ = {isa = PBXBuildFile; fileRef = B0E7F03E2AF2B639001ACA3E /* HomeView.swift */; };
/* End PBXBuildFile section */

/* Begin PBXContainerItemProxy section */
		B0E7F0222AF2B613001ACA3E /* PBXContainerItemProxy */ = {
			isa = PBXContainerItemProxy;
			containerPortal = B0E7F0092AF2B612001ACA3E /* Project object */;
			proxyType = 1;
			remoteGlobalIDString = B0E7F0102AF2B612001ACA3E;
			remoteInfo = sampleSDK;
		};
		B0E7F02C2AF2B613001ACA3E /* PBXContainerItemProxy */ = {
			isa = PBXContainerItemProxy;
			containerPortal = B0E7F0092AF2B612001ACA3E /* Project object */;
			proxyType = 1;
			remoteGlobalIDString = B0E7F0102AF2B612001ACA3E;
			remoteInfo = sampleSDK;
		};
/* End PBXContainerItemProxy section */

/* Begin PBXCopyFilesBuildPhase section */
		B0A11EDD2B1A7D9000B42DE6 /* Embed Frameworks */ = {
			isa = PBXCopyFilesBuildPhase;
			buildActionMask = 2147483647;
			dstPath = "";
			dstSubfolderSpec = 10;
			files = (
				B0E7C3122B34800900FECC7F /* Transcend.xcframework in Embed Frameworks */,
			);
			name = "Embed Frameworks";
			runOnlyForDeploymentPostprocessing = 0;
		};
		B0E7F0FB2AF4D2A6001ACA3E /* Embed Frameworks */ = {
			isa = PBXCopyFilesBuildPhase;
			buildActionMask = 2147483647;
			dstPath = "";
			dstSubfolderSpec = 10;
			files = (
			);
			name = "Embed Frameworks";
			runOnlyForDeploymentPostprocessing = 0;
		};
		B0E7F1002AF4D2FC001ACA3E /* Embed Frameworks */ = {
			isa = PBXCopyFilesBuildPhase;
			buildActionMask = 2147483647;
			dstPath = "";
			dstSubfolderSpec = 10;
			files = (
			);
			name = "Embed Frameworks";
			runOnlyForDeploymentPostprocessing = 0;
		};
/* End PBXCopyFilesBuildPhase section */

/* Begin PBXFileReference section */
		25C183C1DA2BE11800DAD2C3 /* Pods_sampleSDKTests.framework */ = {isa = PBXFileReference; explicitFileType = wrapper.framework; includeInIndex = 0; path = Pods_sampleSDKTests.framework; sourceTree = BUILT_PRODUCTS_DIR; };
		34A4DED8839FEB652ACB078A /* Pods-sampleSDK-sampleSDKUITests.debug.xcconfig */ = {isa = PBXFileReference; includeInIndex = 1; lastKnownFileType = text.xcconfig; name = "Pods-sampleSDK-sampleSDKUITests.debug.xcconfig"; path = "Target Support Files/Pods-sampleSDK-sampleSDKUITests/Pods-sampleSDK-sampleSDKUITests.debug.xcconfig"; sourceTree = "<group>"; };
		4816A732181E0ED13628B090 /* Pods-sampleSDKTests.debug.xcconfig */ = {isa = PBXFileReference; includeInIndex = 1; lastKnownFileType = text.xcconfig; name = "Pods-sampleSDKTests.debug.xcconfig"; path = "Target Support Files/Pods-sampleSDKTests/Pods-sampleSDKTests.debug.xcconfig"; sourceTree = "<group>"; };
		8D5D635509E6B0E9D2D88B89 /* Pods-sampleSDK-sampleSDKUITests.release.xcconfig */ = {isa = PBXFileReference; includeInIndex = 1; lastKnownFileType = text.xcconfig; name = "Pods-sampleSDK-sampleSDKUITests.release.xcconfig"; path = "Target Support Files/Pods-sampleSDK-sampleSDKUITests/Pods-sampleSDK-sampleSDKUITests.release.xcconfig"; sourceTree = "<group>"; };
		AF7BCF911E5DD0F120C70AD5 /* Pods_sampleSDK_sampleSDKUITests.framework */ = {isa = PBXFileReference; explicitFileType = wrapper.framework; includeInIndex = 0; path = Pods_sampleSDK_sampleSDKUITests.framework; sourceTree = BUILT_PRODUCTS_DIR; };
		B085B22F2AF4E7FA000B3CBE /* sampleSDKTests.xctest */ = {isa = PBXFileReference; explicitFileType = wrapper.cfbundle; includeInIndex = 0; path = sampleSDKTests.xctest; sourceTree = BUILT_PRODUCTS_DIR; };
		B085B2302AF4E7FA000B3CBE /* sampleSDKUITests.xctest */ = {isa = PBXFileReference; explicitFileType = wrapper.cfbundle; includeInIndex = 0; path = sampleSDKUITests.xctest; sourceTree = BUILT_PRODUCTS_DIR; };
		B085B2312AF4E7FA000B3CBE /* sampleSDK.app */ = {isa = PBXFileReference; explicitFileType = wrapper.application; includeInIndex = 0; path = sampleSDK.app; sourceTree = BUILT_PRODUCTS_DIR; };
		B0E7C3102B34800900FECC7F /* Transcend.xcframework */ = {isa = PBXFileReference; lastKnownFileType = wrapper.xcframework; name = Transcend.xcframework; path = ../Transcend.xcframework; sourceTree = "<group>"; };
		B0E7F0142AF2B612001ACA3E /* sampleSDKApp.swift */ = {isa = PBXFileReference; lastKnownFileType = sourcecode.swift; path = sampleSDKApp.swift; sourceTree = "<group>"; };
		B0E7F0162AF2B612001ACA3E /* ContentView.swift */ = {isa = PBXFileReference; lastKnownFileType = sourcecode.swift; path = ContentView.swift; sourceTree = "<group>"; };
		B0E7F0182AF2B613001ACA3E /* Assets.xcassets */ = {isa = PBXFileReference; lastKnownFileType = folder.assetcatalog; path = Assets.xcassets; sourceTree = "<group>"; };
		B0E7F01B2AF2B613001ACA3E /* Preview Assets.xcassets */ = {isa = PBXFileReference; lastKnownFileType = folder.assetcatalog; path = "Preview Assets.xcassets"; sourceTree = "<group>"; };
		B0E7F0252AF2B613001ACA3E /* sampleSDKTests.swift */ = {isa = PBXFileReference; lastKnownFileType = sourcecode.swift; path = sampleSDKTests.swift; sourceTree = "<group>"; };
		B0E7F02F2AF2B613001ACA3E /* sampleSDKUITests.swift */ = {isa = PBXFileReference; lastKnownFileType = sourcecode.swift; path = sampleSDKUITests.swift; sourceTree = "<group>"; };
		B0E7F0312AF2B613001ACA3E /* sampleSDKUITestsLaunchTests.swift */ = {isa = PBXFileReference; lastKnownFileType = sourcecode.swift; path = sampleSDKUITestsLaunchTests.swift; sourceTree = "<group>"; };
		B0E7F03E2AF2B639001ACA3E /* HomeView.swift */ = {isa = PBXFileReference; lastKnownFileType = sourcecode.swift; path = HomeView.swift; sourceTree = "<group>"; };
		B1176112C65E0C56E6CD5A57 /* Pods-sampleSDKTests.release.xcconfig */ = {isa = PBXFileReference; includeInIndex = 1; lastKnownFileType = text.xcconfig; name = "Pods-sampleSDKTests.release.xcconfig"; path = "Target Support Files/Pods-sampleSDKTests/Pods-sampleSDKTests.release.xcconfig"; sourceTree = "<group>"; };
		BD50FB88DDE19CD739215B4A /* Pods-sampleSDK.debug.xcconfig */ = {isa = PBXFileReference; includeInIndex = 1; lastKnownFileType = text.xcconfig; name = "Pods-sampleSDK.debug.xcconfig"; path = "Target Support Files/Pods-sampleSDK/Pods-sampleSDK.debug.xcconfig"; sourceTree = "<group>"; };
		DA0CB5F29E5FA9700AF31723 /* Pods_sampleSDK.framework */ = {isa = PBXFileReference; explicitFileType = wrapper.framework; includeInIndex = 0; path = Pods_sampleSDK.framework; sourceTree = BUILT_PRODUCTS_DIR; };
		E924AF16B083671199C0E907 /* Pods-sampleSDK.release.xcconfig */ = {isa = PBXFileReference; includeInIndex = 1; lastKnownFileType = text.xcconfig; name = "Pods-sampleSDK.release.xcconfig"; path = "Target Support Files/Pods-sampleSDK/Pods-sampleSDK.release.xcconfig"; sourceTree = "<group>"; };
/* End PBXFileReference section */

/* Begin PBXFrameworksBuildPhase section */
		B0E7F00E2AF2B612001ACA3E /* Frameworks */ = {
			isa = PBXFrameworksBuildPhase;
			buildActionMask = 2147483647;
			files = (
				B0E7C3112B34800900FECC7F /* Transcend.xcframework in Frameworks */,
			);
			runOnlyForDeploymentPostprocessing = 0;
		};
		B0E7F01E2AF2B613001ACA3E /* Frameworks */ = {
			isa = PBXFrameworksBuildPhase;
			buildActionMask = 2147483647;
			files = (
				4494A96934E51F793E7E7493 /* Pods_sampleSDKTests.framework in Frameworks */,
			);
			runOnlyForDeploymentPostprocessing = 0;
		};
		B0E7F0282AF2B613001ACA3E /* Frameworks */ = {
			isa = PBXFrameworksBuildPhase;
			buildActionMask = 2147483647;
			files = (
				54C74C8C08FE1E975F2651FD /* Pods_sampleSDK_sampleSDKUITests.framework in Frameworks */,
			);
			runOnlyForDeploymentPostprocessing = 0;
		};
/* End PBXFrameworksBuildPhase section */

/* Begin PBXGroup section */
		8D22BF3B835538436CCAAB21 /* Pods */ = {
			isa = PBXGroup;
			children = (
				BD50FB88DDE19CD739215B4A /* Pods-sampleSDK.debug.xcconfig */,
				E924AF16B083671199C0E907 /* Pods-sampleSDK.release.xcconfig */,
				34A4DED8839FEB652ACB078A /* Pods-sampleSDK-sampleSDKUITests.debug.xcconfig */,
				8D5D635509E6B0E9D2D88B89 /* Pods-sampleSDK-sampleSDKUITests.release.xcconfig */,
				4816A732181E0ED13628B090 /* Pods-sampleSDKTests.debug.xcconfig */,
				B1176112C65E0C56E6CD5A57 /* Pods-sampleSDKTests.release.xcconfig */,
			);
			path = Pods;
			sourceTree = "<group>";
		};
		B0A11F142B204C0500B42DE6 /* Frameworks */ = {
			isa = PBXGroup;
			children = (
				B0E7C3102B34800900FECC7F /* Transcend.xcframework */,
				DA0CB5F29E5FA9700AF31723 /* Pods_sampleSDK.framework */,
				AF7BCF911E5DD0F120C70AD5 /* Pods_sampleSDK_sampleSDKUITests.framework */,
				25C183C1DA2BE11800DAD2C3 /* Pods_sampleSDKTests.framework */,
			);
			name = Frameworks;
			sourceTree = "<group>";
		};
		B0E7F0082AF2B612001ACA3E = {
			isa = PBXGroup;
			children = (
				B0E7F0132AF2B612001ACA3E /* sampleSDK */,
				B0E7F0242AF2B613001ACA3E /* sampleSDKTests */,
				B0E7F02E2AF2B613001ACA3E /* sampleSDKUITests */,
				B085B22F2AF4E7FA000B3CBE /* sampleSDKTests.xctest */,
				B085B2302AF4E7FA000B3CBE /* sampleSDKUITests.xctest */,
				B085B2312AF4E7FA000B3CBE /* sampleSDK.app */,
				B0A11F142B204C0500B42DE6 /* Frameworks */,
				8D22BF3B835538436CCAAB21 /* Pods */,
			);
			sourceTree = "<group>";
		};
		B0E7F0132AF2B612001ACA3E /* sampleSDK */ = {
			isa = PBXGroup;
			children = (
				B0E7F0142AF2B612001ACA3E /* sampleSDKApp.swift */,
				B0E7F0162AF2B612001ACA3E /* ContentView.swift */,
				B0E7F0182AF2B613001ACA3E /* Assets.xcassets */,
				B0E7F01A2AF2B613001ACA3E /* Preview Content */,
				B0E7F03E2AF2B639001ACA3E /* HomeView.swift */,
			);
			path = sampleSDK;
			sourceTree = "<group>";
		};
		B0E7F01A2AF2B613001ACA3E /* Preview Content */ = {
			isa = PBXGroup;
			children = (
				B0E7F01B2AF2B613001ACA3E /* Preview Assets.xcassets */,
			);
			path = "Preview Content";
			sourceTree = "<group>";
		};
		B0E7F0242AF2B613001ACA3E /* sampleSDKTests */ = {
			isa = PBXGroup;
			children = (
				B0E7F0252AF2B613001ACA3E /* sampleSDKTests.swift */,
			);
			path = sampleSDKTests;
			sourceTree = "<group>";
		};
		B0E7F02E2AF2B613001ACA3E /* sampleSDKUITests */ = {
			isa = PBXGroup;
			children = (
				B0E7F02F2AF2B613001ACA3E /* sampleSDKUITests.swift */,
				B0E7F0312AF2B613001ACA3E /* sampleSDKUITestsLaunchTests.swift */,
			);
			path = sampleSDKUITests;
			sourceTree = "<group>";
		};
/* End PBXGroup section */

/* Begin PBXNativeTarget section */
		B0E7F0102AF2B612001ACA3E /* sampleSDK */ = {
			isa = PBXNativeTarget;
			buildConfigurationList = B0E7F0352AF2B613001ACA3E /* Build configuration list for PBXNativeTarget "sampleSDK" */;
			buildPhases = (
				AA6BDD7D73C9B4272A2F30CB /* [CP] Check Pods Manifest.lock */,
				B0E7F00D2AF2B612001ACA3E /* Sources */,
				B0E7F00E2AF2B612001ACA3E /* Frameworks */,
				B0E7F00F2AF2B612001ACA3E /* Resources */,
				B0A11EDD2B1A7D9000B42DE6 /* Embed Frameworks */,
			);
			buildRules = (
			);
			dependencies = (
			);
			name = sampleSDK;
			productName = sampleSDK;
			productReference = B085B2312AF4E7FA000B3CBE /* sampleSDK.app */;
			productType = "com.apple.product-type.application";
		};
		B0E7F0202AF2B613001ACA3E /* sampleSDKTests */ = {
			isa = PBXNativeTarget;
			buildConfigurationList = B0E7F0382AF2B613001ACA3E /* Build configuration list for PBXNativeTarget "sampleSDKTests" */;
			buildPhases = (
				444A88AB60F3C6E1666D6526 /* [CP] Check Pods Manifest.lock */,
				B0E7F01D2AF2B613001ACA3E /* Sources */,
				B0E7F01E2AF2B613001ACA3E /* Frameworks */,
				B0E7F01F2AF2B613001ACA3E /* Resources */,
				B0E7F1002AF4D2FC001ACA3E /* Embed Frameworks */,
			);
			buildRules = (
			);
			dependencies = (
				B0E7F0232AF2B613001ACA3E /* PBXTargetDependency */,
			);
			name = sampleSDKTests;
			productName = sampleSDKTests;
			productReference = B085B22F2AF4E7FA000B3CBE /* sampleSDKTests.xctest */;
			productType = "com.apple.product-type.bundle.unit-test";
		};
		B0E7F02A2AF2B613001ACA3E /* sampleSDKUITests */ = {
			isa = PBXNativeTarget;
			buildConfigurationList = B0E7F03B2AF2B613001ACA3E /* Build configuration list for PBXNativeTarget "sampleSDKUITests" */;
			buildPhases = (
				056D441252B07578C2B394DC /* [CP] Check Pods Manifest.lock */,
				B0E7F0272AF2B613001ACA3E /* Sources */,
				B0E7F0282AF2B613001ACA3E /* Frameworks */,
				B0E7F0292AF2B613001ACA3E /* Resources */,
				B0E7F0FB2AF4D2A6001ACA3E /* Embed Frameworks */,
			);
			buildRules = (
			);
			dependencies = (
				B0E7F02D2AF2B613001ACA3E /* PBXTargetDependency */,
			);
			name = sampleSDKUITests;
			productName = sampleSDKUITests;
			productReference = B085B2302AF4E7FA000B3CBE /* sampleSDKUITests.xctest */;
			productType = "com.apple.product-type.bundle.ui-testing";
		};
/* End PBXNativeTarget section */

/* Begin PBXProject section */
		B0E7F0092AF2B612001ACA3E /* Project object */ = {
			isa = PBXProject;
			attributes = {
				BuildIndependentTargetsInParallel = 1;
				LastSwiftUpdateCheck = 1500;
				LastUpgradeCheck = 1500;
				TargetAttributes = {
					B0E7F0102AF2B612001ACA3E = {
						CreatedOnToolsVersion = 15.0;
					};
					B0E7F0202AF2B613001ACA3E = {
						CreatedOnToolsVersion = 15.0;
						TestTargetID = B0E7F0102AF2B612001ACA3E;
					};
					B0E7F02A2AF2B613001ACA3E = {
						CreatedOnToolsVersion = 15.0;
						TestTargetID = B0E7F0102AF2B612001ACA3E;
					};
				};
			};
			buildConfigurationList = B0E7F00C2AF2B612001ACA3E /* Build configuration list for PBXProject "sampleSDK" */;
			compatibilityVersion = "Xcode 14.0";
			developmentRegion = en;
			hasScannedForEncodings = 0;
			knownRegions = (
				en,
				Base,
			);
			mainGroup = B0E7F0082AF2B612001ACA3E;
			productRefGroup = B0E7F0082AF2B612001ACA3E;
			projectDirPath = "";
			projectRoot = "";
			targets = (
				B0E7F0102AF2B612001ACA3E /* sampleSDK */,
				B0E7F0202AF2B613001ACA3E /* sampleSDKTests */,
				B0E7F02A2AF2B613001ACA3E /* sampleSDKUITests */,
			);
		};
/* End PBXProject section */

/* Begin PBXResourcesBuildPhase section */
		B0E7F00F2AF2B612001ACA3E /* Resources */ = {
			isa = PBXResourcesBuildPhase;
			buildActionMask = 2147483647;
			files = (
				B0E7F01C2AF2B613001ACA3E /* Preview Assets.xcassets in Resources */,
				B0E7F0192AF2B613001ACA3E /* Assets.xcassets in Resources */,
			);
			runOnlyForDeploymentPostprocessing = 0;
		};
		B0E7F01F2AF2B613001ACA3E /* Resources */ = {
			isa = PBXResourcesBuildPhase;
			buildActionMask = 2147483647;
			files = (
			);
			runOnlyForDeploymentPostprocessing = 0;
		};
		B0E7F0292AF2B613001ACA3E /* Resources */ = {
			isa = PBXResourcesBuildPhase;
			buildActionMask = 2147483647;
			files = (
			);
			runOnlyForDeploymentPostprocessing = 0;
		};
/* End PBXResourcesBuildPhase section */

/* Begin PBXShellScriptBuildPhase section */
		056D441252B07578C2B394DC /* [CP] Check Pods Manifest.lock */ = {
			isa = PBXShellScriptBuildPhase;
			buildActionMask = 2147483647;
			files = (
			);
			inputFileListPaths = (
			);
			inputPaths = (
				"${PODS_PODFILE_DIR_PATH}/Podfile.lock",
				"${PODS_ROOT}/Manifest.lock",
			);
			name = "[CP] Check Pods Manifest.lock";
			outputFileListPaths = (
			);
			outputPaths = (
				"$(DERIVED_FILE_DIR)/Pods-sampleSDK-sampleSDKUITests-checkManifestLockResult.txt",
			);
			runOnlyForDeploymentPostprocessing = 0;
			shellPath = /bin/sh;
			shellScript = "diff \"${PODS_PODFILE_DIR_PATH}/Podfile.lock\" \"${PODS_ROOT}/Manifest.lock\" > /dev/null\nif [ $? != 0 ] ; then\n    # print error to STDERR\n    echo \"error: The sandbox is not in sync with the Podfile.lock. Run 'pod install' or update your CocoaPods installation.\" >&2\n    exit 1\nfi\n# This output is used by Xcode 'outputs' to avoid re-running this script phase.\necho \"SUCCESS\" > \"${SCRIPT_OUTPUT_FILE_0}\"\n";
			showEnvVarsInLog = 0;
		};
		444A88AB60F3C6E1666D6526 /* [CP] Check Pods Manifest.lock */ = {
			isa = PBXShellScriptBuildPhase;
			buildActionMask = 2147483647;
			files = (
			);
			inputFileListPaths = (
			);
			inputPaths = (
				"${PODS_PODFILE_DIR_PATH}/Podfile.lock",
				"${PODS_ROOT}/Manifest.lock",
			);
			name = "[CP] Check Pods Manifest.lock";
			outputFileListPaths = (
			);
			outputPaths = (
				"$(DERIVED_FILE_DIR)/Pods-sampleSDKTests-checkManifestLockResult.txt",
			);
			runOnlyForDeploymentPostprocessing = 0;
			shellPath = /bin/sh;
			shellScript = "diff \"${PODS_PODFILE_DIR_PATH}/Podfile.lock\" \"${PODS_ROOT}/Manifest.lock\" > /dev/null\nif [ $? != 0 ] ; then\n    # print error to STDERR\n    echo \"error: The sandbox is not in sync with the Podfile.lock. Run 'pod install' or update your CocoaPods installation.\" >&2\n    exit 1\nfi\n# This output is used by Xcode 'outputs' to avoid re-running this script phase.\necho \"SUCCESS\" > \"${SCRIPT_OUTPUT_FILE_0}\"\n";
			showEnvVarsInLog = 0;
		};
		AA6BDD7D73C9B4272A2F30CB /* [CP] Check Pods Manifest.lock */ = {
			isa = PBXShellScriptBuildPhase;
			buildActionMask = 2147483647;
			files = (
			);
			inputFileListPaths = (
			);
			inputPaths = (
				"${PODS_PODFILE_DIR_PATH}/Podfile.lock",
				"${PODS_ROOT}/Manifest.lock",
			);
			name = "[CP] Check Pods Manifest.lock";
			outputFileListPaths = (
			);
			outputPaths = (
				"$(DERIVED_FILE_DIR)/Pods-sampleSDK-checkManifestLockResult.txt",
			);
			runOnlyForDeploymentPostprocessing = 0;
			shellPath = /bin/sh;
			shellScript = "diff \"${PODS_PODFILE_DIR_PATH}/Podfile.lock\" \"${PODS_ROOT}/Manifest.lock\" > /dev/null\nif [ $? != 0 ] ; then\n    # print error to STDERR\n    echo \"error: The sandbox is not in sync with the Podfile.lock. Run 'pod install' or update your CocoaPods installation.\" >&2\n    exit 1\nfi\n# This output is used by Xcode 'outputs' to avoid re-running this script phase.\necho \"SUCCESS\" > \"${SCRIPT_OUTPUT_FILE_0}\"\n";
			showEnvVarsInLog = 0;
		};
/* End PBXShellScriptBuildPhase section */

/* Begin PBXSourcesBuildPhase section */
		B0E7F00D2AF2B612001ACA3E /* Sources */ = {
			isa = PBXSourcesBuildPhase;
			buildActionMask = 2147483647;
			files = (
				B0E7F0172AF2B612001ACA3E /* ContentView.swift in Sources */,
				B0E7F0152AF2B612001ACA3E /* sampleSDKApp.swift in Sources */,
				B0E7F03F2AF2B639001ACA3E /* HomeView.swift in Sources */,
			);
			runOnlyForDeploymentPostprocessing = 0;
		};
		B0E7F01D2AF2B613001ACA3E /* Sources */ = {
			isa = PBXSourcesBuildPhase;
			buildActionMask = 2147483647;
			files = (
				B0E7F0262AF2B613001ACA3E /* sampleSDKTests.swift in Sources */,
			);
			runOnlyForDeploymentPostprocessing = 0;
		};
		B0E7F0272AF2B613001ACA3E /* Sources */ = {
			isa = PBXSourcesBuildPhase;
			buildActionMask = 2147483647;
			files = (
				B0E7F0302AF2B613001ACA3E /* sampleSDKUITests.swift in Sources */,
				B0E7F0322AF2B613001ACA3E /* sampleSDKUITestsLaunchTests.swift in Sources */,
			);
			runOnlyForDeploymentPostprocessing = 0;
		};
/* End PBXSourcesBuildPhase section */

/* Begin PBXTargetDependency section */
		B0E7F0232AF2B613001ACA3E /* PBXTargetDependency */ = {
			isa = PBXTargetDependency;
			target = B0E7F0102AF2B612001ACA3E /* sampleSDK */;
			targetProxy = B0E7F0222AF2B613001ACA3E /* PBXContainerItemProxy */;
		};
		B0E7F02D2AF2B613001ACA3E /* PBXTargetDependency */ = {
			isa = PBXTargetDependency;
			target = B0E7F0102AF2B612001ACA3E /* sampleSDK */;
			targetProxy = B0E7F02C2AF2B613001ACA3E /* PBXContainerItemProxy */;
		};
/* End PBXTargetDependency section */

/* Begin XCBuildConfiguration section */
		B0E7F0332AF2B613001ACA3E /* Debug */ = {
			isa = XCBuildConfiguration;
			buildSettings = {
				ALWAYS_SEARCH_USER_PATHS = NO;
				ASSETCATALOG_COMPILER_GENERATE_SWIFT_ASSET_SYMBOL_EXTENSIONS = YES;
				CLANG_ANALYZER_NONNULL = YES;
				CLANG_ANALYZER_NUMBER_OBJECT_CONVERSION = YES_AGGRESSIVE;
				CLANG_CXX_LANGUAGE_STANDARD = "gnu++20";
				CLANG_ENABLE_MODULES = YES;
				CLANG_ENABLE_OBJC_ARC = YES;
				CLANG_ENABLE_OBJC_WEAK = YES;
				CLANG_WARN_BLOCK_CAPTURE_AUTORELEASING = YES;
				CLANG_WARN_BOOL_CONVERSION = YES;
				CLANG_WARN_COMMA = YES;
				CLANG_WARN_CONSTANT_CONVERSION = YES;
				CLANG_WARN_DEPRECATED_OBJC_IMPLEMENTATIONS = YES;
				CLANG_WARN_DIRECT_OBJC_ISA_USAGE = YES_ERROR;
				CLANG_WARN_DOCUMENTATION_COMMENTS = YES;
				CLANG_WARN_EMPTY_BODY = YES;
				CLANG_WARN_ENUM_CONVERSION = YES;
				CLANG_WARN_INFINITE_RECURSION = YES;
				CLANG_WARN_INT_CONVERSION = YES;
				CLANG_WARN_NON_LITERAL_NULL_CONVERSION = YES;
				CLANG_WARN_OBJC_IMPLICIT_RETAIN_SELF = YES;
				CLANG_WARN_OBJC_LITERAL_CONVERSION = YES;
				CLANG_WARN_OBJC_ROOT_CLASS = YES_ERROR;
				CLANG_WARN_QUOTED_INCLUDE_IN_FRAMEWORK_HEADER = YES;
				CLANG_WARN_RANGE_LOOP_ANALYSIS = YES;
				CLANG_WARN_STRICT_PROTOTYPES = YES;
				CLANG_WARN_SUSPICIOUS_MOVE = YES;
				CLANG_WARN_UNGUARDED_AVAILABILITY = YES_AGGRESSIVE;
				CLANG_WARN_UNREACHABLE_CODE = YES;
				CLANG_WARN__DUPLICATE_METHOD_MATCH = YES;
				COPY_PHASE_STRIP = NO;
				DEBUG_INFORMATION_FORMAT = dwarf;
				ENABLE_STRICT_OBJC_MSGSEND = YES;
				ENABLE_TESTABILITY = YES;
				ENABLE_USER_SCRIPT_SANDBOXING = NO;
				GCC_C_LANGUAGE_STANDARD = gnu17;
				GCC_DYNAMIC_NO_PIC = NO;
				GCC_NO_COMMON_BLOCKS = YES;
				GCC_OPTIMIZATION_LEVEL = 0;
				GCC_PREPROCESSOR_DEFINITIONS = (
					"DEBUG=1",
					"$(inherited)",
				);
				GCC_WARN_64_TO_32_BIT_CONVERSION = YES;
				GCC_WARN_ABOUT_RETURN_TYPE = YES_ERROR;
				GCC_WARN_UNDECLARED_SELECTOR = YES;
				GCC_WARN_UNINITIALIZED_AUTOS = YES_AGGRESSIVE;
				GCC_WARN_UNUSED_FUNCTION = YES;
				GCC_WARN_UNUSED_VARIABLE = YES;
				IPHONEOS_DEPLOYMENT_TARGET = 17.0;
				LOCALIZATION_PREFERS_STRING_CATALOGS = YES;
				MTL_ENABLE_DEBUG_INFO = INCLUDE_SOURCE;
				MTL_FAST_MATH = YES;
				ONLY_ACTIVE_ARCH = NO;
				SDKROOT = iphoneos;
				SWIFT_ACTIVE_COMPILATION_CONDITIONS = "DEBUG $(inherited)";
				SWIFT_OPTIMIZATION_LEVEL = "-Onone";
			};
			name = Debug;
		};
		B0E7F0342AF2B613001ACA3E /* Release */ = {
			isa = XCBuildConfiguration;
			buildSettings = {
				ALWAYS_SEARCH_USER_PATHS = NO;
				ASSETCATALOG_COMPILER_GENERATE_SWIFT_ASSET_SYMBOL_EXTENSIONS = YES;
				CLANG_ANALYZER_NONNULL = YES;
				CLANG_ANALYZER_NUMBER_OBJECT_CONVERSION = YES_AGGRESSIVE;
				CLANG_CXX_LANGUAGE_STANDARD = "gnu++20";
				CLANG_ENABLE_MODULES = YES;
				CLANG_ENABLE_OBJC_ARC = YES;
				CLANG_ENABLE_OBJC_WEAK = YES;
				CLANG_WARN_BLOCK_CAPTURE_AUTORELEASING = YES;
				CLANG_WARN_BOOL_CONVERSION = YES;
				CLANG_WARN_COMMA = YES;
				CLANG_WARN_CONSTANT_CONVERSION = YES;
				CLANG_WARN_DEPRECATED_OBJC_IMPLEMENTATIONS = YES;
				CLANG_WARN_DIRECT_OBJC_ISA_USAGE = YES_ERROR;
				CLANG_WARN_DOCUMENTATION_COMMENTS = YES;
				CLANG_WARN_EMPTY_BODY = YES;
				CLANG_WARN_ENUM_CONVERSION = YES;
				CLANG_WARN_INFINITE_RECURSION = YES;
				CLANG_WARN_INT_CONVERSION = YES;
				CLANG_WARN_NON_LITERAL_NULL_CONVERSION = YES;
				CLANG_WARN_OBJC_IMPLICIT_RETAIN_SELF = YES;
				CLANG_WARN_OBJC_LITERAL_CONVERSION = YES;
				CLANG_WARN_OBJC_ROOT_CLASS = YES_ERROR;
				CLANG_WARN_QUOTED_INCLUDE_IN_FRAMEWORK_HEADER = YES;
				CLANG_WARN_RANGE_LOOP_ANALYSIS = YES;
				CLANG_WARN_STRICT_PROTOTYPES = YES;
				CLANG_WARN_SUSPICIOUS_MOVE = YES;
				CLANG_WARN_UNGUARDED_AVAILABILITY = YES_AGGRESSIVE;
				CLANG_WARN_UNREACHABLE_CODE = YES;
				CLANG_WARN__DUPLICATE_METHOD_MATCH = YES;
				COPY_PHASE_STRIP = NO;
				DEBUG_INFORMATION_FORMAT = "dwarf-with-dsym";
				ENABLE_NS_ASSERTIONS = NO;
				ENABLE_STRICT_OBJC_MSGSEND = YES;
				ENABLE_USER_SCRIPT_SANDBOXING = NO;
				GCC_C_LANGUAGE_STANDARD = gnu17;
				GCC_NO_COMMON_BLOCKS = YES;
				GCC_WARN_64_TO_32_BIT_CONVERSION = YES;
				GCC_WARN_ABOUT_RETURN_TYPE = YES_ERROR;
				GCC_WARN_UNDECLARED_SELECTOR = YES;
				GCC_WARN_UNINITIALIZED_AUTOS = YES_AGGRESSIVE;
				GCC_WARN_UNUSED_FUNCTION = YES;
				GCC_WARN_UNUSED_VARIABLE = YES;
				IPHONEOS_DEPLOYMENT_TARGET = 17.0;
				LOCALIZATION_PREFERS_STRING_CATALOGS = YES;
				MTL_ENABLE_DEBUG_INFO = NO;
				MTL_FAST_MATH = YES;
				ONLY_ACTIVE_ARCH = NO;
				"PRELINK_LIBS[arch=*]" = "";
				SDKROOT = iphoneos;
				SWIFT_COMPILATION_MODE = wholemodule;
				VALIDATE_PRODUCT = YES;
			};
			name = Release;
		};
		B0E7F0362AF2B613001ACA3E /* Debug */ = {
			isa = XCBuildConfiguration;
			baseConfigurationReference = BD50FB88DDE19CD739215B4A /* Pods-sampleSDK.debug.xcconfig */;
			buildSettings = {
				ARCHS = "$(ARCHS_STANDARD)";
				ASSETCATALOG_COMPILER_APPICON_NAME = AppIcon;
				ASSETCATALOG_COMPILER_GLOBAL_ACCENT_COLOR_NAME = AccentColor;
				CODE_SIGN_STYLE = Automatic;
				CURRENT_PROJECT_VERSION = 1;
				DEVELOPMENT_ASSET_PATHS = "\"sampleSDK/Preview Content\"";
				ENABLE_PREVIEWS = YES;
				EXCLUDED_ARCHS = "";
				FRAMEWORK_SEARCH_PATHS = (
					"$(inherited)",
					"$(PROJECT_DIR)/Release-iphoneos",
					"$(PROJECT_DIR)/Release-iphonesimulator",
					"$(PROJECT_DIR)",
				);
				GENERATE_INFOPLIST_FILE = YES;
				INFOPLIST_KEY_UIApplicationSceneManifest_Generation = YES;
				INFOPLIST_KEY_UIApplicationSupportsIndirectInputEvents = YES;
				INFOPLIST_KEY_UILaunchScreen_Generation = YES;
				INFOPLIST_KEY_UISupportedInterfaceOrientations_iPad = "UIInterfaceOrientationPortrait UIInterfaceOrientationPortraitUpsideDown UIInterfaceOrientationLandscapeLeft UIInterfaceOrientationLandscapeRight";
				INFOPLIST_KEY_UISupportedInterfaceOrientations_iPhone = "UIInterfaceOrientationPortrait UIInterfaceOrientationLandscapeLeft UIInterfaceOrientationLandscapeRight";
				IPHONEOS_DEPLOYMENT_TARGET = 17.0;
				LD_RUNPATH_SEARCH_PATHS = (
					"$(inherited)",
					"@executable_path/Frameworks",
				);
				MARKETING_VERSION = 1.0;
				ONLY_ACTIVE_ARCH = NO;
				PRODUCT_BUNDLE_IDENTIFIER = Transcend.sampleSDK;
				PRODUCT_NAME = "$(TARGET_NAME)";
				SDKROOT = iphoneos;
				SUPPORTED_PLATFORMS = "iphoneos iphonesimulator";
				SUPPORTS_MACCATALYST = NO;
				SUPPORTS_MAC_DESIGNED_FOR_IPHONE_IPAD = NO;
				SWIFT_EMIT_LOC_STRINGS = YES;
				SWIFT_VERSION = 5.0;
				TARGETED_DEVICE_FAMILY = "1,2";
			};
			name = Debug;
		};
		B0E7F0372AF2B613001ACA3E /* Release */ = {
			isa = XCBuildConfiguration;
			baseConfigurationReference = E924AF16B083671199C0E907 /* Pods-sampleSDK.release.xcconfig */;
			buildSettings = {
				ARCHS = "$(ARCHS_STANDARD)";
				ASSETCATALOG_COMPILER_APPICON_NAME = AppIcon;
				ASSETCATALOG_COMPILER_GLOBAL_ACCENT_COLOR_NAME = AccentColor;
				CODE_SIGN_STYLE = Automatic;
				CURRENT_PROJECT_VERSION = 1;
				DEVELOPMENT_ASSET_PATHS = "\"sampleSDK/Preview Content\"";
				ENABLE_PREVIEWS = YES;
				EXCLUDED_ARCHS = "";
				FRAMEWORK_SEARCH_PATHS = (
					"$(inherited)",
					"$(PROJECT_DIR)/Release-iphoneos",
					"$(PROJECT_DIR)/Release-iphonesimulator",
					"$(PROJECT_DIR)",
				);
				GENERATE_INFOPLIST_FILE = YES;
				INFOPLIST_KEY_UIApplicationSceneManifest_Generation = YES;
				INFOPLIST_KEY_UIApplicationSupportsIndirectInputEvents = YES;
				INFOPLIST_KEY_UILaunchScreen_Generation = YES;
				INFOPLIST_KEY_UISupportedInterfaceOrientations_iPad = "UIInterfaceOrientationPortrait UIInterfaceOrientationPortraitUpsideDown UIInterfaceOrientationLandscapeLeft UIInterfaceOrientationLandscapeRight";
				INFOPLIST_KEY_UISupportedInterfaceOrientations_iPhone = "UIInterfaceOrientationPortrait UIInterfaceOrientationLandscapeLeft UIInterfaceOrientationLandscapeRight";
				IPHONEOS_DEPLOYMENT_TARGET = 17.0;
				LD_RUNPATH_SEARCH_PATHS = (
					"$(inherited)",
					"@executable_path/Frameworks",
				);
				MARKETING_VERSION = 1.0;
				ONLY_ACTIVE_ARCH = NO;
				PRODUCT_BUNDLE_IDENTIFIER = Transcend.sampleSDK;
				PRODUCT_NAME = "$(TARGET_NAME)";
				SDKROOT = iphoneos;
				SUPPORTED_PLATFORMS = "iphoneos iphonesimulator";
				SUPPORTS_MACCATALYST = NO;
				SUPPORTS_MAC_DESIGNED_FOR_IPHONE_IPAD = NO;
				SWIFT_EMIT_LOC_STRINGS = YES;
				SWIFT_VERSION = 5.0;
				TARGETED_DEVICE_FAMILY = "1,2";
			};
			name = Release;
		};
		B0E7F0392AF2B613001ACA3E /* Debug */ = {
			isa = XCBuildConfiguration;
			baseConfigurationReference = 4816A732181E0ED13628B090 /* Pods-sampleSDKTests.debug.xcconfig */;
			buildSettings = {
				BUNDLE_LOADER = "$(TEST_HOST)";
				CODE_SIGN_STYLE = Automatic;
				CURRENT_PROJECT_VERSION = 1;
				FRAMEWORK_SEARCH_PATHS = (
					"$(inherited)",
					"$(PROJECT_DIR)",
					"$(PROJECT_DIR)/Release-iphoneos",
					"$(PROJECT_DIR)/Release-iphonesimulator",
				);
				GENERATE_INFOPLIST_FILE = YES;
				IPHONEOS_DEPLOYMENT_TARGET = 17.0;
				MARKETING_VERSION = 1.0;
				PRODUCT_BUNDLE_IDENTIFIER = Transcend.sampleSDKTests;
				PRODUCT_NAME = "$(TARGET_NAME)";
				SWIFT_EMIT_LOC_STRINGS = NO;
				SWIFT_VERSION = 5.0;
				TARGETED_DEVICE_FAMILY = "1,2";
				TEST_HOST = "$(BUILT_PRODUCTS_DIR)/sampleSDK.app/$(BUNDLE_EXECUTABLE_FOLDER_PATH)/sampleSDK";
			};
			name = Debug;
		};
		B0E7F03A2AF2B613001ACA3E /* Release */ = {
			isa = XCBuildConfiguration;
			baseConfigurationReference = B1176112C65E0C56E6CD5A57 /* Pods-sampleSDKTests.release.xcconfig */;
			buildSettings = {
				BUNDLE_LOADER = "$(TEST_HOST)";
				CODE_SIGN_STYLE = Automatic;
				CURRENT_PROJECT_VERSION = 1;
				FRAMEWORK_SEARCH_PATHS = (
					"$(inherited)",
					"$(PROJECT_DIR)",
					"$(PROJECT_DIR)/Release-iphoneos",
					"$(PROJECT_DIR)/Release-iphonesimulator",
				);
				GENERATE_INFOPLIST_FILE = YES;
				IPHONEOS_DEPLOYMENT_TARGET = 17.0;
				MARKETING_VERSION = 1.0;
				PRODUCT_BUNDLE_IDENTIFIER = Transcend.sampleSDKTests;
				PRODUCT_NAME = "$(TARGET_NAME)";
				SWIFT_EMIT_LOC_STRINGS = NO;
				SWIFT_VERSION = 5.0;
				TARGETED_DEVICE_FAMILY = "1,2";
				TEST_HOST = "$(BUILT_PRODUCTS_DIR)/sampleSDK.app/$(BUNDLE_EXECUTABLE_FOLDER_PATH)/sampleSDK";
			};
			name = Release;
		};
		B0E7F03C2AF2B613001ACA3E /* Debug */ = {
			isa = XCBuildConfiguration;
			baseConfigurationReference = 34A4DED8839FEB652ACB078A /* Pods-sampleSDK-sampleSDKUITests.debug.xcconfig */;
			buildSettings = {
				CODE_SIGN_STYLE = Automatic;
				CURRENT_PROJECT_VERSION = 1;
				FRAMEWORK_SEARCH_PATHS = (
					"$(inherited)",
					"$(PROJECT_DIR)/Release-iphoneos",
				);
				GENERATE_INFOPLIST_FILE = YES;
				MARKETING_VERSION = 1.0;
				PRODUCT_BUNDLE_IDENTIFIER = Transcend.sampleSDKUITests;
				PRODUCT_NAME = "$(TARGET_NAME)";
				SWIFT_EMIT_LOC_STRINGS = NO;
				SWIFT_VERSION = 5.0;
				TARGETED_DEVICE_FAMILY = "1,2";
				TEST_TARGET_NAME = sampleSDK;
			};
			name = Debug;
		};
		B0E7F03D2AF2B613001ACA3E /* Release */ = {
			isa = XCBuildConfiguration;
			baseConfigurationReference = 8D5D635509E6B0E9D2D88B89 /* Pods-sampleSDK-sampleSDKUITests.release.xcconfig */;
			buildSettings = {
				CODE_SIGN_STYLE = Automatic;
				CURRENT_PROJECT_VERSION = 1;
				FRAMEWORK_SEARCH_PATHS = (
					"$(inherited)",
					"$(PROJECT_DIR)/Release-iphoneos",
				);
				GENERATE_INFOPLIST_FILE = YES;
				MARKETING_VERSION = 1.0;
				PRODUCT_BUNDLE_IDENTIFIER = Transcend.sampleSDKUITests;
				PRODUCT_NAME = "$(TARGET_NAME)";
				SWIFT_EMIT_LOC_STRINGS = NO;
				SWIFT_VERSION = 5.0;
				TARGETED_DEVICE_FAMILY = "1,2";
				TEST_TARGET_NAME = sampleSDK;
			};
			name = Release;
		};
/* End XCBuildConfiguration section */

/* Begin XCConfigurationList section */
		B0E7F00C2AF2B612001ACA3E /* Build configuration list for PBXProject "sampleSDK" */ = {
			isa = XCConfigurationList;
			buildConfigurations = (
				B0E7F0332AF2B613001ACA3E /* Debug */,
				B0E7F0342AF2B613001ACA3E /* Release */,
			);
			defaultConfigurationIsVisible = 0;
			defaultConfigurationName = Release;
		};
		B0E7F0352AF2B613001ACA3E /* Build configuration list for PBXNativeTarget "sampleSDK" */ = {
			isa = XCConfigurationList;
			buildConfigurations = (
				B0E7F0362AF2B613001ACA3E /* Debug */,
				B0E7F0372AF2B613001ACA3E /* Release */,
			);
			defaultConfigurationIsVisible = 0;
			defaultConfigurationName = Release;
		};
		B0E7F0382AF2B613001ACA3E /* Build configuration list for PBXNativeTarget "sampleSDKTests" */ = {
			isa = XCConfigurationList;
			buildConfigurations = (
				B0E7F0392AF2B613001ACA3E /* Debug */,
				B0E7F03A2AF2B613001ACA3E /* Release */,
			);
			defaultConfigurationIsVisible = 0;
			defaultConfigurationName = Release;
		};
		B0E7F03B2AF2B613001ACA3E /* Build configuration list for PBXNativeTarget "sampleSDKUITests" */ = {
			isa = XCConfigurationList;
			buildConfigurations = (
				B0E7F03C2AF2B613001ACA3E /* Debug */,
				B0E7F03D2AF2B613001ACA3E /* Release */,
			);
			defaultConfigurationIsVisible = 0;
			defaultConfigurationName = Release;
		};
/* End XCConfigurationList section */
	};
	rootObject = B0E7F0092AF2B612001ACA3E /* Project object */;
}
